
Microsoft Visual Studio Solution File, Format Version 12.00
# Visual Studio for Mac
Project("{FAE04EC0-301F-11D3-BF4B-00C04F79EFBC}") = "ScapeThousand", "Assembly-CSharp.csproj", "{A905F8FA-607E-2FE0-90C6-5E8BEB6CA446}"
EndProject
Global
	GlobalSection(SolutionConfigurationPlatforms) = preSolution
		Debug|Any CPU = Debug|Any CPU
		Release|Any CPU = Release|Any CPU
	EndGlobalSection
	GlobalSection(ProjectConfigurationPlatforms) = postSolution
		{A905F8FA-607E-2FE0-90C6-5E8BEB6CA446}.Debug|Any CPU.ActiveCfg = Debug|Any CPU
		{A905F8FA-607E-2FE0-90C6-5E8BEB6CA446}.Debug|Any CPU.Build.0 = Debug|Any CPU
		{A905F8FA-607E-2FE0-90C6-5E8BEB6CA446}.Release|Any CPU.ActiveCfg = Release|Any CPU
		{A905F8FA-607E-2FE0-90C6-5E8BEB6CA446}.Release|Any CPU.Build.0 = Release|Any CPU
	EndGlobalSection
	GlobalSection(SolutionProperties) = preSolution
		HideSolutionNode = FALSE
	EndGlobalSection
EndGlobal
